
Microsoft Visual Studio Solution File, Format Version 12.00
# Visual Studio Version 17
VisualStudioVersion = 17.5.002.0
MinimumVisualStudioVersion = 10.0.40219.1
Project("{2150E333-8FDC-42A3-9474-1A3956D46DE8}") = "C#", "C#", "{9FED2444-F3B1-47F1-B131-3F8C042FF608}"
EndProject
Project("{9A19103F-16F7-4668-BE54-9A1E7A4F7556}") = "es2", "C#\es2\es2.csproj", "{2C6C7F16-1262-4329-8FE6-BC07AFDA29F3}"
EndProject
Project("{9A19103F-16F7-4668-BE54-9A1E7A4F7556}") = "es1", "C#\es1\es1.csproj", "{4F87EB73-7E60-47F0-86D9-3FC4F0CAD170}"
EndProject
Project("{2150E333-8FDC-42A3-9474-1A3956D46DE8}") = "verifiche studenti", "verifiche studenti", "{01970D73-A599-4674-8A18-FCA9CB1E4737}"
EndProject
Project("{9A19103F-16F7-4668-BE54-9A1E7A4F7556}") = "alessandroCastagna", "C#\verifiche studenti\alessandroCastagna\alessandroCastagna.csproj", "{EA95C0EF-2AA7-4E99-BD61-7F237DC8FDF5}"
EndProject
Project("{9A19103F-16F7-4668-BE54-9A1E7A4F7556}") = "gabrieleDossena", "C#\verifiche studenti\gabrieleDossena\gabrieleDossena.csproj", "{FCABEA8C-2A0A-4583-81FF-7FCF51DABD69}"
EndProject
Project("{9A19103F-16F7-4668-BE54-9A1E7A4F7556}") = "filippoVollono", "C#\verifiche studenti\filippoVollono\filippoVollono.csproj", "{1FDDC6B3-2E4F-44B4-9362-9D2880667B02}"
EndProject
Project("{9A19103F-16F7-4668-BE54-9A1E7A4F7556}") = "piramide", "C#\verifiche studenti\esercizi corso\piramide.csproj", "{3B3AC200-0869-4ED6-9AF0-ED7E2CF4E71C}"
EndProject
Project("{9A19103F-16F7-4668-BE54-9A1E7A4F7556}") = "andreaBonomo", "C#\verifiche studenti\andreaBonomo\andreaBonomo.csproj", "{BFAF8CB3-CA8F-4BDC-ACD1-AFEBFF2A4EEA}"
EndProject
Global
	GlobalSection(SolutionConfigurationPlatforms) = preSolution
		Debug|Any CPU = Debug|Any CPU
		Release|Any CPU = Release|Any CPU
	EndGlobalSection
	GlobalSection(ProjectConfigurationPlatforms) = postSolution
		{2C6C7F16-1262-4329-8FE6-BC07AFDA29F3}.Debug|Any CPU.ActiveCfg = Debug|Any CPU
		{2C6C7F16-1262-4329-8FE6-BC07AFDA29F3}.Debug|Any CPU.Build.0 = Debug|Any CPU
		{2C6C7F16-1262-4329-8FE6-BC07AFDA29F3}.Release|Any CPU.ActiveCfg = Release|Any CPU
		{2C6C7F16-1262-4329-8FE6-BC07AFDA29F3}.Release|Any CPU.Build.0 = Release|Any CPU
		{4F87EB73-7E60-47F0-86D9-3FC4F0CAD170}.Debug|Any CPU.ActiveCfg = Debug|Any CPU
		{4F87EB73-7E60-47F0-86D9-3FC4F0CAD170}.Debug|Any CPU.Build.0 = Debug|Any CPU
		{4F87EB73-7E60-47F0-86D9-3FC4F0CAD170}.Release|Any CPU.ActiveCfg = Release|Any CPU
		{4F87EB73-7E60-47F0-86D9-3FC4F0CAD170}.Release|Any CPU.Build.0 = Release|Any CPU
		{EA95C0EF-2AA7-4E99-BD61-7F237DC8FDF5}.Debug|Any CPU.ActiveCfg = Debug|Any CPU
		{EA95C0EF-2AA7-4E99-BD61-7F237DC8FDF5}.Debug|Any CPU.Build.0 = Debug|Any CPU
		{EA95C0EF-2AA7-4E99-BD61-7F237DC8FDF5}.Release|Any CPU.ActiveCfg = Release|Any CPU
		{EA95C0EF-2AA7-4E99-BD61-7F237DC8FDF5}.Release|Any CPU.Build.0 = Release|Any CPU
		{FCABEA8C-2A0A-4583-81FF-7FCF51DABD69}.Debug|Any CPU.ActiveCfg = Debug|Any CPU
		{FCABEA8C-2A0A-4583-81FF-7FCF51DABD69}.Debug|Any CPU.Build.0 = Debug|Any CPU
		{FCABEA8C-2A0A-4583-81FF-7FCF51DABD69}.Release|Any CPU.ActiveCfg = Release|Any CPU
		{FCABEA8C-2A0A-4583-81FF-7FCF51DABD69}.Release|Any CPU.Build.0 = Release|Any CPU
		{1FDDC6B3-2E4F-44B4-9362-9D2880667B02}.Debug|Any CPU.ActiveCfg = Debug|Any CPU
		{1FDDC6B3-2E4F-44B4-9362-9D2880667B02}.Debug|Any CPU.Build.0 = Debug|Any CPU
		{1FDDC6B3-2E4F-44B4-9362-9D2880667B02}.Release|Any CPU.ActiveCfg = Release|Any CPU
		{1FDDC6B3-2E4F-44B4-9362-9D2880667B02}.Release|Any CPU.Build.0 = Release|Any CPU
		{3B3AC200-0869-4ED6-9AF0-ED7E2CF4E71C}.Debug|Any CPU.ActiveCfg = Debug|Any CPU
		{3B3AC200-0869-4ED6-9AF0-ED7E2CF4E71C}.Debug|Any CPU.Build.0 = Debug|Any CPU
		{3B3AC200-0869-4ED6-9AF0-ED7E2CF4E71C}.Release|Any CPU.ActiveCfg = Release|Any CPU
		{3B3AC200-0869-4ED6-9AF0-ED7E2CF4E71C}.Release|Any CPU.Build.0 = Release|Any CPU
		{BFAF8CB3-CA8F-4BDC-ACD1-AFEBFF2A4EEA}.Debug|Any CPU.ActiveCfg = Debug|Any CPU
		{BFAF8CB3-CA8F-4BDC-ACD1-AFEBFF2A4EEA}.Debug|Any CPU.Build.0 = Debug|Any CPU
		{BFAF8CB3-CA8F-4BDC-ACD1-AFEBFF2A4EEA}.Release|Any CPU.ActiveCfg = Release|Any CPU
		{BFAF8CB3-CA8F-4BDC-ACD1-AFEBFF2A4EEA}.Release|Any CPU.Build.0 = Release|Any CPU
	EndGlobalSection
	GlobalSection(SolutionProperties) = preSolution
		HideSolutionNode = FALSE
	EndGlobalSection
	GlobalSection(NestedProjects) = preSolution
		{2C6C7F16-1262-4329-8FE6-BC07AFDA29F3} = {9FED2444-F3B1-47F1-B131-3F8C042FF608}
		{4F87EB73-7E60-47F0-86D9-3FC4F0CAD170} = {9FED2444-F3B1-47F1-B131-3F8C042FF608}
		{01970D73-A599-4674-8A18-FCA9CB1E4737} = {9FED2444-F3B1-47F1-B131-3F8C042FF608}
		{EA95C0EF-2AA7-4E99-BD61-7F237DC8FDF5} = {01970D73-A599-4674-8A18-FCA9CB1E4737}
		{FCABEA8C-2A0A-4583-81FF-7FCF51DABD69} = {01970D73-A599-4674-8A18-FCA9CB1E4737}
		{1FDDC6B3-2E4F-44B4-9362-9D2880667B02} = {01970D73-A599-4674-8A18-FCA9CB1E4737}
		{3B3AC200-0869-4ED6-9AF0-ED7E2CF4E71C} = {01970D73-A599-4674-8A18-FCA9CB1E4737}
		{BFAF8CB3-CA8F-4BDC-ACD1-AFEBFF2A4EEA} = {01970D73-A599-4674-8A18-FCA9CB1E4737}
	EndGlobalSection
	GlobalSection(ExtensibilityGlobals) = postSolution
		SolutionGuid = {8B159287-6D1A-400B-A4D1-E168DA35D5D7}
	EndGlobalSection
EndGlobal
